
Microsoft Visual Studio Solution File, Format Version 12.00
# Visual Studio 15
VisualStudioVersion = 15.0.28010.2026
MinimumVisualStudioVersion = 10.0.40219.1
Project("{FAE04EC0-301F-11D3-BF4B-00C04F79EFBC}") = "TestService", "TestService\TestService.csproj", "{EB7E9830-C35B-466C-9F48-0EEFB7DF85B3}"
EndProject
Project("{FAE04EC0-301F-11D3-BF4B-00C04F79EFBC}") = "Host", "Host\Host.csproj", "{48AF3B77-1F07-4597-9C67-81F74E6D5293}"
EndProject
Global
	GlobalSection(SolutionConfigurationPlatforms) = preSolution
		Debug|Any CPU = Debug|Any CPU
		Release|Any CPU = Release|Any CPU
	EndGlobalSection
	GlobalSection(ProjectConfigurationPlatforms) = postSolution
		{EB7E9830-C35B-466C-9F48-0EEFB7DF85B3}.Debug|Any CPU.ActiveCfg = Debug|Any CPU
		{EB7E9830-C35B-466C-9F48-0EEFB7DF85B3}.Debug|Any CPU.Build.0 = Debug|Any CPU
		{EB7E9830-C35B-466C-9F48-0EEFB7DF85B3}.Release|Any CPU.ActiveCfg = Release|Any CPU
		{EB7E9830-C35B-466C-9F48-0EEFB7DF85B3}.Release|Any CPU.Build.0 = Release|Any CPU
		{48AF3B77-1F07-4597-9C67-81F74E6D5293}.Debug|Any CPU.ActiveCfg = Debug|Any CPU
		{48AF3B77-1F07-4597-9C67-81F74E6D5293}.Debug|Any CPU.Build.0 = Debug|Any CPU
		{48AF3B77-1F07-4597-9C67-81F74E6D5293}.Release|Any CPU.ActiveCfg = Release|Any CPU
		{48AF3B77-1F07-4597-9C67-81F74E6D5293}.Release|Any CPU.Build.0 = Release|Any CPU
	EndGlobalSection
	GlobalSection(SolutionProperties) = preSolution
		HideSolutionNode = FALSE
	EndGlobalSection
	GlobalSection(ExtensibilityGlobals) = postSolution
		SolutionGuid = {240B1EC1-7356-4701-80FB-777A8ABCACA8}
	EndGlobalSection
EndGlobal
